
Microsoft Visual Studio Solution File, Format Version 12.00
Project("{2150E333-8FDC-42A3-9474-1A3956D46DE8}") = "Common", "Common", "{B944D15F-1C03-46DD-A8D5-255D567F02BB}"
EndProject
Project("{2150E333-8FDC-42A3-9474-1A3956D46DE8}") = "Services", "Services", "{A0F229B6-2662-4BFE-A6CC-96D46135A36E}"
EndProject
Project("{2150E333-8FDC-42A3-9474-1A3956D46DE8}") = "Web", "Web", "{D0A84C94-6D1C-4B47-BE85-389332572F77}"
EndProject
Project("{FAE04EC0-301F-11D3-BF4B-00C04F79EFBC}") = "RabbitMqEventBus", "Common\RabbitMqEventBus\RabbitMqEventBus.csproj", "{F623B95E-9BAA-452F-A35D-7B7761E6FE21}"
EndProject
Project("{FAE04EC0-301F-11D3-BF4B-00C04F79EFBC}") = "Logging", "Common\Logging\Logging.csproj", "{47AF4100-590A-4FE7-84BA-13ED0B31B08B}"
EndProject
Project("{FAE04EC0-301F-11D3-BF4B-00C04F79EFBC}") = "Client", "Services\Client\Client.csproj", "{23980AF2-AD59-42CC-95D4-41ED5B900344}"
EndProject
Project("{2150E333-8FDC-42A3-9474-1A3956D46DE8}") = "Authentication", "Authentication", "{CA9A9F34-0116-4DDA-BF71-CA4872820037}"
EndProject
Project("{FAE04EC0-301F-11D3-BF4B-00C04F79EFBC}") = "Authentication.API", "Services\Authentication\Authentication.API\Authentication.API.csproj", "{BF4D5DD1-1302-4121-B136-F27A83B205E4}"
EndProject
Project("{2150E333-8FDC-42A3-9474-1A3956D46DE8}") = "Forum", "Forum", "{2893B220-8366-428B-8292-92BEEB504941}"
EndProject
Project("{FAE04EC0-301F-11D3-BF4B-00C04F79EFBC}") = "Forum.Core", "Services\Forum\Forum.Core\Forum.Core.csproj", "{B2A9C072-6559-476A-9CBE-8FFDD01E2073}"
EndProject
Project("{FAE04EC0-301F-11D3-BF4B-00C04F79EFBC}") = "Forum.Infrastructure", "Services\Forum\Forum.Infrastructure\Forum.Infrastructure.csproj", "{E5F3BFC4-3662-488A-829A-19B89D5629D3}"
EndProject
Project("{FAE04EC0-301F-11D3-BF4B-00C04F79EFBC}") = "Forum.API", "Services\Forum\Forum.API\Forum.API.csproj", "{FE74D26A-4A6A-43CC-91AE-0E7DE3BCBE40}"
EndProject
Project("{2150E333-8FDC-42A3-9474-1A3956D46DE8}") = "Mailing", "Mailing", "{C1DDCBC4-B8B9-44C2-8868-7E09C0868E72}"
EndProject
Project("{2150E333-8FDC-42A3-9474-1A3956D46DE8}") = "Notifications", "Notifications", "{ED7FCC6C-B79F-4377-9199-60244B20C127}"
EndProject
Project("{FAE04EC0-301F-11D3-BF4B-00C04F79EFBC}") = "Notifications.API", "Services\Notifications\Notifications.API\Notifications.API.csproj", "{AE17F458-E35F-40D1-9A5B-41DFEF1685A0}"
EndProject
Project("{FAE04EC0-301F-11D3-BF4B-00C04F79EFBC}") = "Mailing.API", "Services\Mailing\Mailing.API\Mailing.API.csproj", "{45CDC5B5-83A6-49B9-BF94-2DDED00940E1}"
EndProject
Project("{2150E333-8FDC-42A3-9474-1A3956D46DE8}") = "Gateway", "Gateway", "{29341F3D-C614-4212-9F73-F5DC591DC756}"
EndProject
Project("{FAE04EC0-301F-11D3-BF4B-00C04F79EFBC}") = "OcelotGateway", "Services\Gateway\OcelotGateway\OcelotGateway.csproj", "{1CBAFA13-184E-4C72-A7D7-7F71B4D1EF11}"
EndProject
Global
	GlobalSection(SolutionConfigurationPlatforms) = preSolution
		Debug|Any CPU = Debug|Any CPU
		Release|Any CPU = Release|Any CPU
	EndGlobalSection
	GlobalSection(ProjectConfigurationPlatforms) = postSolution
		{F623B95E-9BAA-452F-A35D-7B7761E6FE21}.Debug|Any CPU.ActiveCfg = Debug|Any CPU
		{F623B95E-9BAA-452F-A35D-7B7761E6FE21}.Debug|Any CPU.Build.0 = Debug|Any CPU
		{F623B95E-9BAA-452F-A35D-7B7761E6FE21}.Release|Any CPU.ActiveCfg = Release|Any CPU
		{F623B95E-9BAA-452F-A35D-7B7761E6FE21}.Release|Any CPU.Build.0 = Release|Any CPU
		{47AF4100-590A-4FE7-84BA-13ED0B31B08B}.Debug|Any CPU.ActiveCfg = Debug|Any CPU
		{47AF4100-590A-4FE7-84BA-13ED0B31B08B}.Debug|Any CPU.Build.0 = Debug|Any CPU
		{47AF4100-590A-4FE7-84BA-13ED0B31B08B}.Release|Any CPU.ActiveCfg = Release|Any CPU
		{47AF4100-590A-4FE7-84BA-13ED0B31B08B}.Release|Any CPU.Build.0 = Release|Any CPU
		{23980AF2-AD59-42CC-95D4-41ED5B900344}.Debug|Any CPU.ActiveCfg = Debug|Any CPU
		{23980AF2-AD59-42CC-95D4-41ED5B900344}.Debug|Any CPU.Build.0 = Debug|Any CPU
		{23980AF2-AD59-42CC-95D4-41ED5B900344}.Release|Any CPU.ActiveCfg = Release|Any CPU
		{23980AF2-AD59-42CC-95D4-41ED5B900344}.Release|Any CPU.Build.0 = Release|Any CPU
		{BF4D5DD1-1302-4121-B136-F27A83B205E4}.Debug|Any CPU.ActiveCfg = Debug|Any CPU
		{BF4D5DD1-1302-4121-B136-F27A83B205E4}.Debug|Any CPU.Build.0 = Debug|Any CPU
		{BF4D5DD1-1302-4121-B136-F27A83B205E4}.Release|Any CPU.ActiveCfg = Release|Any CPU
		{BF4D5DD1-1302-4121-B136-F27A83B205E4}.Release|Any CPU.Build.0 = Release|Any CPU
		{B2A9C072-6559-476A-9CBE-8FFDD01E2073}.Debug|Any CPU.ActiveCfg = Debug|Any CPU
		{B2A9C072-6559-476A-9CBE-8FFDD01E2073}.Debug|Any CPU.Build.0 = Debug|Any CPU
		{B2A9C072-6559-476A-9CBE-8FFDD01E2073}.Release|Any CPU.ActiveCfg = Release|Any CPU
		{B2A9C072-6559-476A-9CBE-8FFDD01E2073}.Release|Any CPU.Build.0 = Release|Any CPU
		{E5F3BFC4-3662-488A-829A-19B89D5629D3}.Debug|Any CPU.ActiveCfg = Debug|Any CPU
		{E5F3BFC4-3662-488A-829A-19B89D5629D3}.Debug|Any CPU.Build.0 = Debug|Any CPU
		{E5F3BFC4-3662-488A-829A-19B89D5629D3}.Release|Any CPU.ActiveCfg = Release|Any CPU
		{E5F3BFC4-3662-488A-829A-19B89D5629D3}.Release|Any CPU.Build.0 = Release|Any CPU
		{FE74D26A-4A6A-43CC-91AE-0E7DE3BCBE40}.Debug|Any CPU.ActiveCfg = Debug|Any CPU
		{FE74D26A-4A6A-43CC-91AE-0E7DE3BCBE40}.Debug|Any CPU.Build.0 = Debug|Any CPU
		{FE74D26A-4A6A-43CC-91AE-0E7DE3BCBE40}.Release|Any CPU.ActiveCfg = Release|Any CPU
		{FE74D26A-4A6A-43CC-91AE-0E7DE3BCBE40}.Release|Any CPU.Build.0 = Release|Any CPU
		{AE17F458-E35F-40D1-9A5B-41DFEF1685A0}.Debug|Any CPU.ActiveCfg = Debug|Any CPU
		{AE17F458-E35F-40D1-9A5B-41DFEF1685A0}.Debug|Any CPU.Build.0 = Debug|Any CPU
		{AE17F458-E35F-40D1-9A5B-41DFEF1685A0}.Release|Any CPU.ActiveCfg = Release|Any CPU
		{AE17F458-E35F-40D1-9A5B-41DFEF1685A0}.Release|Any CPU.Build.0 = Release|Any CPU
		{45CDC5B5-83A6-49B9-BF94-2DDED00940E1}.Debug|Any CPU.ActiveCfg = Debug|Any CPU
		{45CDC5B5-83A6-49B9-BF94-2DDED00940E1}.Debug|Any CPU.Build.0 = Debug|Any CPU
		{45CDC5B5-83A6-49B9-BF94-2DDED00940E1}.Release|Any CPU.ActiveCfg = Release|Any CPU
		{45CDC5B5-83A6-49B9-BF94-2DDED00940E1}.Release|Any CPU.Build.0 = Release|Any CPU
		{1CBAFA13-184E-4C72-A7D7-7F71B4D1EF11}.Debug|Any CPU.ActiveCfg = Debug|Any CPU
		{1CBAFA13-184E-4C72-A7D7-7F71B4D1EF11}.Debug|Any CPU.Build.0 = Debug|Any CPU
		{1CBAFA13-184E-4C72-A7D7-7F71B4D1EF11}.Release|Any CPU.ActiveCfg = Release|Any CPU
		{1CBAFA13-184E-4C72-A7D7-7F71B4D1EF11}.Release|Any CPU.Build.0 = Release|Any CPU
	EndGlobalSection
	GlobalSection(NestedProjects) = preSolution
		{F623B95E-9BAA-452F-A35D-7B7761E6FE21} = {B944D15F-1C03-46DD-A8D5-255D567F02BB}
		{47AF4100-590A-4FE7-84BA-13ED0B31B08B} = {B944D15F-1C03-46DD-A8D5-255D567F02BB}
		{23980AF2-AD59-42CC-95D4-41ED5B900344} = {A0F229B6-2662-4BFE-A6CC-96D46135A36E}
		{CA9A9F34-0116-4DDA-BF71-CA4872820037} = {A0F229B6-2662-4BFE-A6CC-96D46135A36E}
		{BF4D5DD1-1302-4121-B136-F27A83B205E4} = {CA9A9F34-0116-4DDA-BF71-CA4872820037}
		{2893B220-8366-428B-8292-92BEEB504941} = {A0F229B6-2662-4BFE-A6CC-96D46135A36E}
		{B2A9C072-6559-476A-9CBE-8FFDD01E2073} = {2893B220-8366-428B-8292-92BEEB504941}
		{E5F3BFC4-3662-488A-829A-19B89D5629D3} = {2893B220-8366-428B-8292-92BEEB504941}
		{FE74D26A-4A6A-43CC-91AE-0E7DE3BCBE40} = {2893B220-8366-428B-8292-92BEEB504941}
		{C1DDCBC4-B8B9-44C2-8868-7E09C0868E72} = {A0F229B6-2662-4BFE-A6CC-96D46135A36E}
		{ED7FCC6C-B79F-4377-9199-60244B20C127} = {A0F229B6-2662-4BFE-A6CC-96D46135A36E}
		{AE17F458-E35F-40D1-9A5B-41DFEF1685A0} = {ED7FCC6C-B79F-4377-9199-60244B20C127}
		{45CDC5B5-83A6-49B9-BF94-2DDED00940E1} = {C1DDCBC4-B8B9-44C2-8868-7E09C0868E72}
		{29341F3D-C614-4212-9F73-F5DC591DC756} = {A0F229B6-2662-4BFE-A6CC-96D46135A36E}
		{1CBAFA13-184E-4C72-A7D7-7F71B4D1EF11} = {29341F3D-C614-4212-9F73-F5DC591DC756}
	EndGlobalSection
EndGlobal
